
Microsoft Visual Studio Solution File, Format Version 12.00
# Visual Studio Version 17
VisualStudioVersion = 17.4.33403.182
MinimumVisualStudioVersion = 10.0.40219.1
Project("{FAE04EC0-301F-11D3-BF4B-00C04F79EFBC}") = "AspDottestHelathWebsitetry02", "AspDottestHelathWebsitetry02.csproj", "{FDEA24DC-CD20-4C86-9615-AF9241733E87}"
EndProject
Global
	GlobalSection(SolutionConfigurationPlatforms) = preSolution
		Debug|Any CPU = Debug|Any CPU
		Release|Any CPU = Release|Any CPU
	EndGlobalSection
	GlobalSection(ProjectConfigurationPlatforms) = postSolution
		{FDEA24DC-CD20-4C86-9615-AF9241733E87}.Debug|Any CPU.ActiveCfg = Debug|Any CPU
		{FDEA24DC-CD20-4C86-9615-AF9241733E87}.Debug|Any CPU.Build.0 = Debug|Any CPU
		{FDEA24DC-CD20-4C86-9615-AF9241733E87}.Release|Any CPU.ActiveCfg = Release|Any CPU
		{FDEA24DC-CD20-4C86-9615-AF9241733E87}.Release|Any CPU.Build.0 = Release|Any CPU
	EndGlobalSection
	GlobalSection(SolutionProperties) = preSolution
		HideSolutionNode = FALSE
	EndGlobalSection
	GlobalSection(ExtensibilityGlobals) = postSolution
		SolutionGuid = {F868A6A3-87DD-4E0A-954D-964997409294}
	EndGlobalSection
EndGlobal
